lockfileVersion: '9.0'

settings:
  autoInstallPeers: true
  excludeLinksFromLockfile: false

importers:

  .:
    devDependencies:
      '@types/mocha':
        specifier: ^10
        version: 10.0.10
      '@types/node':
        specifier: ^20.17.24
        version: 20.17.24

  base/components:
    dependencies:
      debug:
        specifier: ^4.4.0
        version: 4.4.0
      react:
        specifier: ^19
        version: 19.0.0
      react-dom:
        specifier: ^19
        version: 19.0.0(react@19.0.0)
      react-reconciler:
        specifier: ^0.31.0
        version: 0.31.0(react@19.0.0)
      zod:
        specifier: ^3.24.1
        version: 3.24.2
    devDependencies:
      '@types/debug':
        specifier: ^4.1.12
        version: 4.1.12
      '@types/node':
        specifier: ^22
        version: 22.13.10
      '@types/react':
        specifier: ^19
        version: 19.0.12
      '@types/react-dom':
        specifier: ^19
        version: 19.0.4(@types/react@19.0.12)
      '@types/react-reconciler':
        specifier: ^0.31.0
        version: 0.31.0(@types/react@19.0.12)
      shx:
        specifier: ^0.3.3
        version: 0.3.4
      typescript:
        specifier: ^5
        version: 5.8.2

  base/renderer:
    dependencies:
      '@reactiac/base-components':
        specifier: workspace:*
        version: link:../components
      debug:
        specifier: ^4.4.0
        version: 4.4.0
      react:
        specifier: ^19
        version: 19.0.0
      react-dom:
        specifier: ^19
        version: 19.0.0(react@19.0.0)
      react-reconciler:
        specifier: ^0.31.0
        version: 0.31.0(react@19.0.0)
      zod:
        specifier: ^3.24.1
        version: 3.24.2
    devDependencies:
      '@types/debug':
        specifier: ^4.1.12
        version: 4.1.12
      '@types/node':
        specifier: ^22
        version: 22.13.10
      '@types/react':
        specifier: ^19
        version: 19.0.12
      '@types/react-dom':
        specifier: ^19
        version: 19.0.4(@types/react@19.0.12)
      '@types/react-reconciler':
        specifier: ^0.31.0
        version: 0.31.0(@types/react@19.0.12)
      shx:
        specifier: ^0.3.3
        version: 0.3.4
      typescript:
        specifier: ^5
        version: 5.8.2

  renderers/drawio:
    dependencies:
      '@reactiac/base-components':
        specifier: workspace:*
        version: link:../../base/components
      '@reactiac/base-renderer':
        specifier: workspace:*
        version: link:../../base/renderer
      mergician:
        specifier: ^2.0.2
        version: 2.0.2
      react:
        specifier: ^19
        version: 19.0.0
      zod:
        specifier: ^3.24.1
        version: 3.24.2
    devDependencies:
      '@types/debug':
        specifier: ^4.1.12
        version: 4.1.12
      '@types/node':
        specifier: ^22
        version: 22.13.10
      '@types/react':
        specifier: ^19
        version: 19.0.12
      '@types/react-dom':
        specifier: ^19
        version: 19.0.4(@types/react@19.0.12)
      '@types/react-reconciler':
        specifier: ^0.31.0
        version: 0.31.0(@types/react@19.0.12)
      shx:
        specifier: ^0.3.3
        version: 0.3.4
      typescript:
        specifier: ^5
        version: 5.8.2

  renderers/json:
    dependencies:
      '@reactiac/base-components':
        specifier: workspace:*
        version: link:../../base/components
      '@reactiac/base-renderer':
        specifier: workspace:*
        version: link:../../base/renderer
      react:
        specifier: ^19
        version: 19.0.0
    devDependencies:
      '@types/debug':
        specifier: ^4.1.12
        version: 4.1.12
      '@types/node':
        specifier: ^22
        version: 22.13.10
      '@types/react':
        specifier: ^19
        version: 19.0.12
      '@types/react-dom':
        specifier: ^19
        version: 19.0.4(@types/react@19.0.12)
      '@types/react-reconciler':
        specifier: ^0.31.0
        version: 0.31.0(@types/react@19.0.12)
      shx:
        specifier: ^0.3.3
        version: 0.3.4
      typescript:
        specifier: ^5
        version: 5.8.2

  renderers/tf:
    dependencies:
      '@reactiac/base-components':
        specifier: workspace:*
        version: link:../../base/components
      '@reactiac/base-renderer':
        specifier: workspace:*
        version: link:../../base/renderer
      mergician:
        specifier: ^2.0.2
        version: 2.0.2
      react:
        specifier: ^19
        version: 19.0.0
    devDependencies:
      '@types/debug':
        specifier: ^4.1.12
        version: 4.1.12
      '@types/node':
        specifier: ^22
        version: 22.13.10
      '@types/react':
        specifier: ^19
        version: 19.0.12
      '@types/react-dom':
        specifier: ^19
        version: 19.0.4(@types/react@19.0.12)
      '@types/react-reconciler':
        specifier: ^0.31.0
        version: 0.31.0(@types/react@19.0.12)
      shx:
        specifier: ^0.3.3
        version: 0.3.4
      typescript:
        specifier: ^5
        version: 5.8.2

  standard-components/diagrams:
    dependencies:
      '@reactiac/base-components':
        specifier: workspace:*
        version: link:../../base/components
      debug:
        specifier: ^4.4.0
        version: 4.4.0
      react:
        specifier: ^19
        version: 19.0.0
      react-dom:
        specifier: ^19
        version: 19.0.0(react@19.0.0)
      react-reconciler:
        specifier: ^0.31.0
        version: 0.31.0(react@19.0.0)
      zod:
        specifier: ^3.24.1
        version: 3.24.2
    devDependencies:
      '@types/debug':
        specifier: ^4.1.12
        version: 4.1.12
      '@types/node':
        specifier: ^22
        version: 22.13.10
      '@types/react':
        specifier: ^19
        version: 19.0.12
      '@types/react-dom':
        specifier: ^19
        version: 19.0.4(@types/react@19.0.12)
      '@types/react-reconciler':
        specifier: ^0.31.0
        version: 0.31.0(@types/react@19.0.12)
      shx:
        specifier: ^0.3.3
        version: 0.3.4
      typescript:
        specifier: ^5
        version: 5.8.2

  standard-components/tf-aws:
    dependencies:
      '@reactiac/base-components':
        specifier: workspace:*
        version: link:../../base/components
      '@reactiac/standard-components-diagrams':
        specifier: workspace:*
        version: link:../diagrams
      debug:
        specifier: ^4.4.0
        version: 4.4.0
      react:
        specifier: ^19
        version: 19.0.0
      react-dom:
        specifier: ^19
        version: 19.0.0(react@19.0.0)
      react-reconciler:
        specifier: ^0.31.0
        version: 0.31.0(react@19.0.0)
      zod:
        specifier: ^3.24.1
        version: 3.24.2
    devDependencies:
      '@types/debug':
        specifier: ^4.1.12
        version: 4.1.12
      '@types/node':
        specifier: ^22
        version: 22.13.10
      '@types/react':
        specifier: ^19
        version: 19.0.12
      '@types/react-dom':
        specifier: ^19
        version: 19.0.4(@types/react@19.0.12)
      '@types/react-reconciler':
        specifier: ^0.31.0
        version: 0.31.0(@types/react@19.0.12)
      shx:
        specifier: ^0.3.3
        version: 0.3.4
      typescript:
        specifier: ^5
        version: 5.8.2

packages:

  '@types/debug@4.1.12':
    resolution: {integrity: sha512-vIChWdVG3LG1SMxEvI/AK+FWJthlrqlTu7fbrlywTkkaONwk/UAGaULXRlf8vkzFBLVm0zkMdCquhL5aOjhXPQ==}

  '@types/mocha@10.0.10':
    resolution: {integrity: sha512-xPyYSz1cMPnJQhl0CLMH68j3gprKZaTjG3s5Vi+fDgx+uhG9NOXwbVt52eFS8ECyXhyKcjDLCBEqBExKuiZb7Q==}

  '@types/ms@2.1.0':
    resolution: {integrity: sha512-GsCCIZDE/p3i96vtEqx+7dBUGXrc7zeSK3wwPHIaRThS+9OhWIXRqzs4d6k1SVU8g91DrNRWxWUGhp5KXQb2VA==}

  '@types/node@20.17.24':
    resolution: {integrity: sha512-d7fGCyB96w9BnWQrOsJtpyiSaBcAYYr75bnK6ZRjDbql2cGLj/3GsL5OYmLPNq76l7Gf2q4Rv9J2o6h5CrD9sA==}

  '@types/node@22.13.10':
    resolution: {integrity: sha512-I6LPUvlRH+O6VRUqYOcMudhaIdUVWfsjnZavnsraHvpBwaEyMN29ry+0UVJhImYL16xsscu0aske3yA+uPOWfw==}

  '@types/react-dom@19.0.4':
    resolution: {integrity: sha512-4fSQ8vWFkg+TGhePfUzVmat3eC14TXYSsiiDSLI0dVLsrm9gZFABjPy/Qu6TKgl1tq1Bu1yDsuQgY3A3DOjCcg==}
    peerDependencies:
      '@types/react': ^19.0.0

  '@types/react-reconciler@0.31.0':
    resolution: {integrity: sha512-wa1KtV3SHKnWeLHfZFg/7nrPSe/Ejdn+qbanNX4V6i9I7C3ECKPfBnC1KM3ef58KFWEohLmTvoTH5XuEIKGX2g==}
    peerDependencies:
      '@types/react': '*'

  '@types/react@19.0.12':
    resolution: {integrity: sha512-V6Ar115dBDrjbtXSrS+/Oruobc+qVbbUxDFC1RSbRqLt5SYvxxyIDrSC85RWml54g+jfNeEMZhEj7wW07ONQhA==}

  balanced-match@1.0.2:
    resolution: {integrity: sha512-3oSeUO0TMV67hN1AmbXsK4yaqU7tjiHlbxRDZOpH0KW9+CeX4bRAaX0Anxt0tx2MrpRpWwQaPwIlISEJhYU5Pw==}

  brace-expansion@1.1.11:
    resolution: {integrity: sha512-iCuPHDFgrHX7H2vEI/5xpz07zSHB00TpugqhmYtVmMO6518mCuRMoOYFldEBl0g187ufozdaHgWKcYFb61qGiA==}

  concat-map@0.0.1:
    resolution: {integrity: sha512-/Srv4dswyQNBfohGpz9o6Yb3Gz3SrUDqBH5rTuhGR7ahtlbYKnVxw2bCFMRljaA7EXHaXZ8wsHdodFvbkhKmqg==}

  csstype@3.1.3:
    resolution: {integrity: sha512-M1uQkMl8rQK/szD0LNhtqxIPLpimGm8sOBwU7lLnCpSbTyY3yeU1Vc7l4KT5zT4s/yOxHH5O7tIuuLOCnLADRw==}

  debug@4.4.0:
    resolution: {integrity: sha512-6WTZ/IxCY/T6BALoZHaE4ctp9xm+Z5kY/pzYaCHRFeyVhojxlrm+46y68HA6hr0TcwEssoxNiDEUJQjfPZ/RYA==}
    engines: {node: '>=6.0'}
    peerDependencies:
      supports-color: '*'
    peerDependenciesMeta:
      supports-color:
        optional: true

  fs.realpath@1.0.0:
    resolution: {integrity: sha512-OO0pH2lK6a0hZnAdau5ItzHPI6pUlvI7jMVnxUQRtw4owF2wk8lOSabtGDCTP4Ggrg2MbGnWO9X8K1t4+fGMDw==}

  function-bind@1.1.2:
    resolution: {integrity: sha512-7XHNxH7qX9xG5mIwxkhumTox/MIRNcOgDrxWsMt2pAr23WHp6MrRlN7FBSFpCpr+oVO0F744iUgR82nJMfG2SA==}

  glob@7.2.3:
    resolution: {integrity: sha512-nFR0zLpU2YCaRxwoCJvL6UvCH2JFyFVIvwTLsIf21AuHlMskA1hhTdk+LlYJtOlYt9v6dvszD2BGRqBL+iQK9Q==}
    deprecated: Glob versions prior to v9 are no longer supported

  hasown@2.0.2:
    resolution: {integrity: sha512-0hJU9SCPvmMzIBdZFqNPXWa6dqh7WdH0cII9y+CyS8rG3nL48Bclra9HmKhVVUHyPWNH5Y7xDwAB7bfgSjkUMQ==}
    engines: {node: '>= 0.4'}

  inflight@1.0.6:
    resolution: {integrity: sha512-k92I/b08q4wvFscXCLvqfsHCrjrF7yiXsQuIVvVE7N82W3+aqpzuUdBbfhWcy/FZR3/4IgflMgKLOsvPDrGCJA==}
    deprecated: This module is not supported, and leaks memory. Do not use it. Check out lru-cache if you want a good and tested way to coalesce async requests by a key value, which is much more comprehensive and powerful.

  inherits@2.0.4:
    resolution: {integrity: sha512-k/vGaX4/Yla3WzyMCvTQOXYeIHvqOKtnqBduzTHpzpQZzAskKMhZ2K+EnBiSM9zGSoIFeMpXKxa4dYeZIQqewQ==}

  interpret@1.4.0:
    resolution: {integrity: sha512-agE4QfB2Lkp9uICn7BAqoscw4SZP9kTE2hxiFI3jBPmXJfdqiahTbUuKGsMoN2GtqL9AxhYioAcVvgsb1HvRbA==}
    engines: {node: '>= 0.10'}

  is-core-module@2.16.1:
    resolution: {integrity: sha512-UfoeMA6fIJ8wTYFEUjelnaGI67v6+N7qXJEvQuIGa99l4xsCruSYOVSQ0uPANn4dAzm8lkYPaKLrrijLq7x23w==}
    engines: {node: '>= 0.4'}

  mergician@2.0.2:
    resolution: {integrity: sha512-1GDF4LuMcc7UpE7XitfSm822yDtTxLoOVB+9QFnb3o/+zoMAVKxM67UjvmEXOA7FQnz9209K0ZyHAoD+5Ibe4A==}
    engines: {node: '>=10.0.0'}

  minimatch@3.1.2:
    resolution: {integrity: sha512-J7p63hRiAjw1NDEww1W7i37+ByIrOWO5XQQAzZ3VOcL0PNybwpfmV/N05zFAzwQ9USyEcX6t3UO+K5aqBQOIHw==}

  minimist@1.2.8:
    resolution: {integrity: sha512-2yyAR8qBkN3YuheJanUpWC5U3bb5osDywNB8RzDVlDwDHbocAJveqqj1u8+SVD7jkWT4yvsHCpWqqWqAxb0zCA==}

  ms@2.1.3:
    resolution: {integrity: sha512-6FlzubTLZG3J2a/NVCAleEhjzq5oxgHyaCU9yYXvcLsvoVaHJq/s5xXI6/XXP6tz7R9xAOtHnSO/tXtF3WRTlA==}

  once@1.4.0:
    resolution: {integrity: sha512-lNaJgI+2Q5URQBkccEKHTQOPaXdUxnZZElQTZY0MFUAuaEqe1E+Nyvgdz/aIyNi6Z9MzO5dv1H8n58/GELp3+w==}

  path-is-absolute@1.0.1:
    resolution: {integrity: sha512-AVbw3UJ2e9bq64vSaS9Am0fje1Pa8pbGqTTsmXfaIiMpnr5DlDhfJOuLj9Sf95ZPVDAUerDfEk88MPmPe7UCQg==}
    engines: {node: '>=0.10.0'}

  path-parse@1.0.7:
    resolution: {integrity: sha512-LDJzPVEEEPR+y48z93A0Ed0yXb8pAByGWo/k5YYdYgpY2/2EsOsksJrq7lOHxryrVOn1ejG6oAp8ahvOIQD8sw==}

  react-dom@19.0.0:
    resolution: {integrity: sha512-4GV5sHFG0e/0AD4X+ySy6UJd3jVl1iNsNHdpad0qhABJ11twS3TTBnseqsKurKcsNqCEFeGL3uLpVChpIO3QfQ==}
    peerDependencies:
      react: ^19.0.0

  react-reconciler@0.31.0:
    resolution: {integrity: sha512-7Ob7Z+URmesIsIVRjnLoDGwBEG/tVitidU0nMsqX/eeJaLY89RISO/10ERe0MqmzuKUUB1rmY+h1itMbUHg9BQ==}
    engines: {node: '>=0.10.0'}
    peerDependencies:
      react: ^19.0.0

  react@19.0.0:
    resolution: {integrity: sha512-V8AVnmPIICiWpGfm6GLzCR/W5FXLchHop40W4nXBmdlEceh16rCN8O8LNWm5bh5XUX91fh7KpA+W0TgMKmgTpQ==}
    engines: {node: '>=0.10.0'}

  rechoir@0.6.2:
    resolution: {integrity: sha512-HFM8rkZ+i3zrV+4LQjwQ0W+ez98pApMGM3HUrN04j3CqzPOzl9nmP15Y8YXNm8QHGv/eacOVEjqhmWpkRV0NAw==}
    engines: {node: '>= 0.10'}

  resolve@1.22.10:
    resolution: {integrity: sha512-NPRy+/ncIMeDlTAsuqwKIiferiawhefFJtkNSW0qZJEqMEb+qBt/77B/jGeeek+F0uOeN05CDa6HXbbIgtVX4w==}
    engines: {node: '>= 0.4'}
    hasBin: true

  scheduler@0.25.0:
    resolution: {integrity: sha512-xFVuu11jh+xcO7JOAGJNOXld8/TcEHK/4CituBUeUb5hqxJLj9YuemAEuvm9gQ/+pgXYfbQuqAkiYu+u7YEsNA==}

  shelljs@0.8.5:
    resolution: {integrity: sha512-TiwcRcrkhHvbrZbnRcFYMLl30Dfov3HKqzp5tO5b4pt6G/SezKcYhmDg15zXVBswHmctSAQKznqNW2LO5tTDow==}
    engines: {node: '>=4'}
    hasBin: true

  shx@0.3.4:
    resolution: {integrity: sha512-N6A9MLVqjxZYcVn8hLmtneQWIJtp8IKzMP4eMnx+nqkvXoqinUPCbUFLp2UcWTEIUONhlk0ewxr/jaVGlc+J+g==}
    engines: {node: '>=6'}
    hasBin: true

  supports-preserve-symlinks-flag@1.0.0:
    resolution: {integrity: sha512-ot0WnXS9fgdkgIcePe6RHNk1WA8+muPa6cSjeR3V8K27q9BB1rTE3R1p7Hv0z1ZyAc8s6Vvv8DIyWf681MAt0w==}
    engines: {node: '>= 0.4'}

  typescript@5.8.2:
    resolution: {integrity: sha512-aJn6wq13/afZp/jT9QZmwEjDqqvSGp1VT5GVg+f/t6/oVyrgXM6BY1h9BRh/O5p3PlUPAe+WuiEZOmb/49RqoQ==}
    engines: {node: '>=14.17'}
    hasBin: true

  undici-types@6.19.8:
    resolution: {integrity: sha512-ve2KP6f/JnbPBFyobGHuerC9g1FYGn/F8n1LWTwNxCEzd6IfqTwUQcNXgEtmmQ6DlRrC1hrSrBnCZPokRrDHjw==}

  undici-types@6.20.0:
    resolution: {integrity: sha512-Ny6QZ2Nju20vw1SRHe3d9jVu6gJ+4e3+MMpqu7pqE5HT6WsTSlce++GQmK5UXS8mzV8DSYHrQH+Xrf2jVcuKNg==}

  wrappy@1.0.2:
    resolution: {integrity: sha512-l4Sp/DRseor9wL6EvV2+TuQn63dMkPjZ/sp9XkghTEbV9KlPS1xUsZ3u7/IQO4wxtcFB4bgpQPRcR3QCvezPcQ==}

  zod@3.24.2:
    resolution: {integrity: sha512-lY7CDW43ECgW9u1TcT3IoXHflywfVqDYze4waEz812jR/bZ8FHDsl7pFQoSZTz5N+2NqRXs8GBwnAwo3ZNxqhQ==}

snapshots:

  '@types/debug@4.1.12':
    dependencies:
      '@types/ms': 2.1.0

  '@types/mocha@10.0.10': {}

  '@types/ms@2.1.0': {}

  '@types/node@20.17.24':
    dependencies:
      undici-types: 6.19.8

  '@types/node@22.13.10':
    dependencies:
      undici-types: 6.20.0

  '@types/react-dom@19.0.4(@types/react@19.0.12)':
    dependencies:
      '@types/react': 19.0.12

  '@types/react-reconciler@0.31.0(@types/react@19.0.12)':
    dependencies:
      '@types/react': 19.0.12

  '@types/react@19.0.12':
    dependencies:
      csstype: 3.1.3

  balanced-match@1.0.2: {}

  brace-expansion@1.1.11:
    dependencies:
      balanced-match: 1.0.2
      concat-map: 0.0.1

  concat-map@0.0.1: {}

  csstype@3.1.3: {}

  debug@4.4.0:
    dependencies:
      ms: 2.1.3

  fs.realpath@1.0.0: {}

  function-bind@1.1.2: {}

  glob@7.2.3:
    dependencies:
      fs.realpath: 1.0.0
      inflight: 1.0.6
      inherits: 2.0.4
      minimatch: 3.1.2
      once: 1.4.0
      path-is-absolute: 1.0.1

  hasown@2.0.2:
    dependencies:
      function-bind: 1.1.2

  inflight@1.0.6:
    dependencies:
      once: 1.4.0
      wrappy: 1.0.2

  inherits@2.0.4: {}

  interpret@1.4.0: {}

  is-core-module@2.16.1:
    dependencies:
      hasown: 2.0.2

  mergician@2.0.2: {}

  minimatch@3.1.2:
    dependencies:
      brace-expansion: 1.1.11

  minimist@1.2.8: {}

  ms@2.1.3: {}

  once@1.4.0:
    dependencies:
      wrappy: 1.0.2

  path-is-absolute@1.0.1: {}

  path-parse@1.0.7: {}

  react-dom@19.0.0(react@19.0.0):
    dependencies:
      react: 19.0.0
      scheduler: 0.25.0

  react-reconciler@0.31.0(react@19.0.0):
    dependencies:
      react: 19.0.0
      scheduler: 0.25.0

  react@19.0.0: {}

  rechoir@0.6.2:
    dependencies:
      resolve: 1.22.10

  resolve@1.22.10:
    dependencies:
      is-core-module: 2.16.1
      path-parse: 1.0.7
      supports-preserve-symlinks-flag: 1.0.0

  scheduler@0.25.0: {}

  shelljs@0.8.5:
    dependencies:
      glob: 7.2.3
      interpret: 1.4.0
      rechoir: 0.6.2

  shx@0.3.4:
    dependencies:
      minimist: 1.2.8
      shelljs: 0.8.5

  supports-preserve-symlinks-flag@1.0.0: {}

  typescript@5.8.2: {}

  undici-types@6.19.8: {}

  undici-types@6.20.0: {}

  wrappy@1.0.2: {}

  zod@3.24.2: {}
